{
  "originHash" : "52d5ee16331093f9fe83de8ff70f11707dd303d6ec7b1c3308ba953608510111",
  "pins" : [
    {
      "identity" : "mediaremote",
      "kind" : "remoteSourceControl",
      "location" : "https://github.com/PrivateFrameworks/MediaRemote",
      "state" : {
        "revision" : "ee5ae0cc17c0f759049d50e6ea95e1cf718dfda5",
        "version" : "0.1.0"
      }
    },
    {
      "identity" : "protocolbuffer",
      "kind" : "remoteSourceControl",
      "location" : "https://github.com/PrivateFrameworks/ProtocolBuffer",
      "state" : {
        "revision" : "d4c569d9ce5e146e9185ebc056fdbaaf9784ec5d",
        "version" : "0.1.1"
      }
    },
    {
      "identity" : "swift-jni",
      "kind" : "remoteSourceControl",
      "location" : "https://github.com/diacritics-owo/swift-jni",
      "state" : {
        "branch" : "swiftpm",
        "revision" : "46690c059497f5cfe67c2720f84f0998a0cd5456"
      }
    }
  ],
  "version" : 3
}
